Microsoft Visual Studio Solution File, Format Version 8.00
Project("{FAE04EC0-301F-11D3-BF4B-00C04F79EFBC}") = "MaxDB.Data.Net11", "MaxDBDataProvider\MaxDB.Data.Net11.csproj", "{96EABFAC-9C28-40C6-AD1F-08121496C11E}"
	ProjectSection(ProjectDependencies) = postProject
	EndProjectSection
EndProject
Project("{FAE04EC0-301F-11D3-BF4B-00C04F79EFBC}") = "MaxDB.Test.Net11", "MaxDBConsole\MaxDB.Test.Net11.csproj", "{78C374CB-3D0C-4EC7-B670-C8190B4E844B}"
	ProjectSection(ProjectDependencies) = postProject
	EndProjectSection
EndProject
Global
	GlobalSection(SolutionConfiguration) = preSolution
		Debug_Safe = Debug_Safe
		Debug_Unsafe = Debug_Unsafe
		Release_Safe = Release_Safe
		Release_Unsafe = Release_Unsafe
	EndGlobalSection
	GlobalSection(ProjectConfiguration) = postSolution
		{96EABFAC-9C28-40C6-AD1F-08121496C11E}.Debug_Safe.ActiveCfg = Debug_Safe|.NET
		{96EABFAC-9C28-40C6-AD1F-08121496C11E}.Debug_Safe.Build.0 = Debug_Safe|.NET
		{96EABFAC-9C28-40C6-AD1F-08121496C11E}.Debug_Unsafe.ActiveCfg = Debug_Unsafe|.NET
		{96EABFAC-9C28-40C6-AD1F-08121496C11E}.Debug_Unsafe.Build.0 = Debug_Unsafe|.NET
		{96EABFAC-9C28-40C6-AD1F-08121496C11E}.Release_Safe.ActiveCfg = Release_Safe|.NET
		{96EABFAC-9C28-40C6-AD1F-08121496C11E}.Release_Safe.Build.0 = Release_Safe|.NET
		{96EABFAC-9C28-40C6-AD1F-08121496C11E}.Release_Unsafe.ActiveCfg = Release_Unsafe|.NET
		{96EABFAC-9C28-40C6-AD1F-08121496C11E}.Release_Unsafe.Build.0 = Release_Unsafe|.NET
		{78C374CB-3D0C-4EC7-B670-C8190B4E844B}.Debug_Safe.ActiveCfg = Debug_Safe|.NET
		{78C374CB-3D0C-4EC7-B670-C8190B4E844B}.Debug_Safe.Build.0 = Debug_Safe|.NET
		{78C374CB-3D0C-4EC7-B670-C8190B4E844B}.Debug_Unsafe.ActiveCfg = Debug_Unsafe|.NET
		{78C374CB-3D0C-4EC7-B670-C8190B4E844B}.Debug_Unsafe.Build.0 = Debug_Unsafe|.NET
		{78C374CB-3D0C-4EC7-B670-C8190B4E844B}.Release_Safe.ActiveCfg = Release_Safe|.NET
		{78C374CB-3D0C-4EC7-B670-C8190B4E844B}.Release_Safe.Build.0 = Release_Safe|.NET
		{78C374CB-3D0C-4EC7-B670-C8190B4E844B}.Release_Unsafe.ActiveCfg = Release_Unsafe|.NET
		{78C374CB-3D0C-4EC7-B670-C8190B4E844B}.Release_Unsafe.Build.0 = Release_Unsafe|.NET
	EndGlobalSection
	GlobalSection(ExtensibilityGlobals) = postSolution
	EndGlobalSection
	GlobalSection(ExtensibilityAddIns) = postSolution
	EndGlobalSection
EndGlobal
