
Microsoft Visual Studio Solution File, Format Version 12.00
# Visual Studio Version 16
VisualStudioVersion = 16.0.31410.357
MinimumVisualStudioVersion = 10.0.40219.1
Project("{9A19103F-16F7-4668-BE54-9A1E7A4F7556}") = "MaxDB.Data", "MaxDB.Data\MaxDB.Data.csproj", "{96EABFAC-9C28-40C6-AD1F-08121496C11E}"
EndProject
Project("{9A19103F-16F7-4668-BE54-9A1E7A4F7556}") = "MaxDB.IntegrationTests", "MaxDB.IntegrationTests\MaxDB.IntegrationTests.csproj", "{78C374CB-3D0C-4EC7-B670-C8190B4E844B}"
EndProject
Project("{9A19103F-16F7-4668-BE54-9A1E7A4F7556}") = "MaxDB.UnitTests", "MaxDB.UnitTests\MaxDB.UnitTests.csproj", "{C21A53CB-5191-4278-AC29-09CA7EF6BD4A}"
EndProject
Project("{2150E333-8FDC-42A3-9474-1A3956D46DE8}") = "Solution Items", "Solution Items", "{DF3F3C27-4951-4CAF-AFFE-2A79E7541401}"
	ProjectSection(SolutionItems) = preProject
		.editorconfig = .editorconfig
	EndProjectSection
EndProject
Global
	GlobalSection(SolutionConfigurationPlatforms) = preSolution
		Debug|Any CPU = Debug|Any CPU
		Release|Any CPU = Release|Any CPU
	EndGlobalSection
	GlobalSection(ProjectConfigurationPlatforms) = postSolution
		{96EABFAC-9C28-40C6-AD1F-08121496C11E}.Debug|Any CPU.ActiveCfg = Debug|Any CPU
		{96EABFAC-9C28-40C6-AD1F-08121496C11E}.Debug|Any CPU.Build.0 = Debug|Any CPU
		{96EABFAC-9C28-40C6-AD1F-08121496C11E}.Release|Any CPU.ActiveCfg = Release|Any CPU
		{96EABFAC-9C28-40C6-AD1F-08121496C11E}.Release|Any CPU.Build.0 = Release|Any CPU
		{78C374CB-3D0C-4EC7-B670-C8190B4E844B}.Debug|Any CPU.ActiveCfg = Debug|Any CPU
		{78C374CB-3D0C-4EC7-B670-C8190B4E844B}.Debug|Any CPU.Build.0 = Debug|Any CPU
		{78C374CB-3D0C-4EC7-B670-C8190B4E844B}.Release|Any CPU.ActiveCfg = Release|Any CPU
		{78C374CB-3D0C-4EC7-B670-C8190B4E844B}.Release|Any CPU.Build.0 = Release|Any CPU
		{C21A53CB-5191-4278-AC29-09CA7EF6BD4A}.Debug|Any CPU.ActiveCfg = Debug|Any CPU
		{C21A53CB-5191-4278-AC29-09CA7EF6BD4A}.Debug|Any CPU.Build.0 = Debug|Any CPU
		{C21A53CB-5191-4278-AC29-09CA7EF6BD4A}.Release|Any CPU.ActiveCfg = Release|Any CPU
		{C21A53CB-5191-4278-AC29-09CA7EF6BD4A}.Release|Any CPU.Build.0 = Release|Any CPU
	EndGlobalSection
	GlobalSection(SolutionProperties) = preSolution
		HideSolutionNode = FALSE
	EndGlobalSection
	GlobalSection(ExtensibilityGlobals) = postSolution
		SolutionGuid = {0554D843-01E7-45BA-B821-CEC01F269EAD}
	EndGlobalSection
EndGlobal
